
Microsoft Visual Studio Solution File, Format Version 12.00
# Visual Studio 15
VisualStudioVersion = 15.0.27130.2036
MinimumVisualStudioVersion = 10.0.40219.1
Project("{9A19103F-16F7-4668-BE54-9A1E7A4F7556}") = "Company.Manager.Membership.Service", "Company.Manager.Membership.Service\Company.Manager.Membership.Service.csproj", "{16D73C5B-8FF1-415F-BAAF-E887A47FE791}"
EndProject
Project("{2150E333-8FDC-42A3-9474-1A3956D46DE8}") = "src", "src", "{EA672C35-B05D-4E8B-AB3F-5275A9629041}"
EndProject
Project("{2150E333-8FDC-42A3-9474-1A3956D46DE8}") = "test", "test", "{E347F074-F94F-4F9E-BFE8-AD1214C3D28C}"
EndProject
Project("{2150E333-8FDC-42A3-9474-1A3956D46DE8}") = "Component", "Component", "{C5B1314B-FDA9-44B9-A9E7-4DAE7EB17410}"
EndProject
Project("{2150E333-8FDC-42A3-9474-1A3956D46DE8}") = "Framework", "Framework", "{95AB7532-7371-49B7-A9FA-2B6E6556B6F7}"
EndProject
Project("{2150E333-8FDC-42A3-9474-1A3956D46DE8}") = "Microservice", "Microservice", "{2D660ED5-9FFD-4F0A-857C-10D7373A438C}"
EndProject
Project("{A07B5EB6-E848-4116-A8D0-A826331D98C6}") = "Company.Microservice.Membership", "Company.Microservice.Membership\Company.Microservice.Membership.sfproj", "{9F859ABB-291E-40F2-9DD3-910663E7D21E}"
EndProject
Project("{2150E333-8FDC-42A3-9474-1A3956D46DE8}") = "Manager", "Manager", "{1B8BDDBB-0272-4AE6-9968-C65DD7E464FA}"
EndProject
Project("{2150E333-8FDC-42A3-9474-1A3956D46DE8}") = "Membership", "Membership", "{6D079ACC-6B49-4E6A-A831-1C2FCE4D1CE6}"
EndProject
Project("{9A19103F-16F7-4668-BE54-9A1E7A4F7556}") = "Company.Manager.Membership.Interface", "Company.Manager.Membership.Interface\Company.Manager.Membership.Interface.csproj", "{D332EF01-1BF7-4A41-B78C-5A5751774836}"
EndProject
Project("{9A19103F-16F7-4668-BE54-9A1E7A4F7556}") = "Company.Manager.Membership.Impl", "Company.Manager.Membership.Impl\Company.Manager.Membership.Impl.csproj", "{04159B80-B873-4D4F-8E27-B937F5300D34}"
EndProject
Project("{2150E333-8FDC-42A3-9474-1A3956D46DE8}") = "Access", "Access", "{B1E81BF5-BFC5-443B-8BAE-7379D32630E2}"
EndProject
Project("{2150E333-8FDC-42A3-9474-1A3956D46DE8}") = "User", "User", "{E29B9F7B-BE53-46F6-8E9D-E877F4677ED9}"
EndProject
Project("{9A19103F-16F7-4668-BE54-9A1E7A4F7556}") = "Company.ServiceFabric.Common", "Company.ServiceFabric.Common\Company.ServiceFabric.Common.csproj", "{B39EACB4-7C6E-4A29-838B-CD39631A4B7B}"
EndProject
Project("{2150E333-8FDC-42A3-9474-1A3956D46DE8}") = "Api", "Api", "{041C51C8-80B7-491A-9BBF-F513D722B0B6}"
EndProject
Project("{2150E333-8FDC-42A3-9474-1A3956D46DE8}") = "Engine", "Engine", "{169793AC-E423-4693-90D3-A6ADACBA6DF4}"
EndProject
Project("{9A19103F-16F7-4668-BE54-9A1E7A4F7556}") = "Company.ServiceFabric.Logging.Serilog", "Company.ServiceFabric.Logging.Serilog\Company.ServiceFabric.Logging.Serilog.csproj", "{847C2B83-C54E-4DC8-B53F-1366AF132D5F}"
EndProject
Project("{9A19103F-16F7-4668-BE54-9A1E7A4F7556}") = "Company.Access.User.Impl", "Company.Access.User.Impl\Company.Access.User.Impl.csproj", "{CF1AC118-EF2F-4839-A9EA-F9F2D25F7E8C}"
EndProject
Project("{9A19103F-16F7-4668-BE54-9A1E7A4F7556}") = "Company.Access.User.Interface", "Company.Access.User.Interface\Company.Access.User.Interface.csproj", "{00C3CF7A-2722-4832-B4A9-B1358175F9BE}"
EndProject
Project("{9A19103F-16F7-4668-BE54-9A1E7A4F7556}") = "Company.Access.User.Service", "Company.Access.User.Service\Company.Access.User.Service.csproj", "{25C4AA6F-97CA-46C0-A3ED-F753EC1007E1}"
EndProject
Project("{9A19103F-16F7-4668-BE54-9A1E7A4F7556}") = "Company.ServiceFabric.Client", "Company.ServiceFabric.Client\Company.ServiceFabric.Client.csproj", "{80E10D20-8D2D-45CD-86D0-42CC1366E3AD}"
EndProject
Project("{2150E333-8FDC-42A3-9474-1A3956D46DE8}") = "Rest", "Rest", "{5519B3D1-DB79-4810-819A-6D4C119DE566}"
EndProject
Project("{2150E333-8FDC-42A3-9474-1A3956D46DE8}") = "Common", "Common", "{9934D8F2-A56C-4347-8A5D-CE707A6FAF1C}"
EndProject
Project("{9A19103F-16F7-4668-BE54-9A1E7A4F7556}") = "Company.Api.Rest.Interface", "Company.Api.Rest.Interface\Company.Api.Rest.Interface.csproj", "{31B48914-196B-4654-8823-4FE345266262}"
EndProject
Project("{9A19103F-16F7-4668-BE54-9A1E7A4F7556}") = "Company.Common.Data", "Company.Common.Data\Company.Common.Data.csproj", "{6DF74E4D-FCAF-4D19-9031-397301284351}"
EndProject
Project("{9A19103F-16F7-4668-BE54-9A1E7A4F7556}") = "Company.Engine.Registration.Service", "Company.Engine.Registration.Service\Company.Engine.Registration.Service.csproj", "{973C6A4E-0AB3-4F41-BF24-81C0CB2B9E3F}"
EndProject
Project("{9A19103F-16F7-4668-BE54-9A1E7A4F7556}") = "Company.Engine.Registration.Impl", "Company.Engine.Registration.Impl\Company.Engine.Registration.Impl.csproj", "{7F79BDD3-2B2C-42A0-AAC0-8702E35C7AAC}"
EndProject
Project("{9A19103F-16F7-4668-BE54-9A1E7A4F7556}") = "Company.Engine.Registration.Interface", "Company.Engine.Registration.Interface\Company.Engine.Registration.Interface.csproj", "{39153536-35FA-4299-BC67-C6046B7672EF}"
EndProject
Project("{9A19103F-16F7-4668-BE54-9A1E7A4F7556}") = "Company.Api.Rest.Data", "Company.Api.Rest.Data\Company.Api.Rest.Data.csproj", "{D4AA19B8-7546-4407-B88C-C05BE4C7F46A}"
EndProject
Project("{9A19103F-16F7-4668-BE54-9A1E7A4F7556}") = "Company.ServiceFabric.Server", "Company.ServiceFabric.Server\Company.ServiceFabric.Server.csproj", "{03DEBB55-0CA4-4A8A-8E58-0474D675E01D}"
EndProject
Project("{2150E333-8FDC-42A3-9474-1A3956D46DE8}") = "Utility", "Utility", "{E53F39B0-3C79-4C04-B7C1-E3994E994EFA}"
EndProject
Project("{9A19103F-16F7-4668-BE54-9A1E7A4F7556}") = "Company.Utility.Logging.Serilog", "Company.Utility.Logging.Serilog\Company.Utility.Logging.Serilog.csproj", "{F90E859D-0D93-48A9-8659-8854B5246D3A}"
EndProject
Project("{9A19103F-16F7-4668-BE54-9A1E7A4F7556}") = "Test.InProc.Client.Membership", "Test.InProc.Client.Membership\Test.InProc.Client.Membership.csproj", "{85019983-C6B9-4470-8683-062D5BDF3146}"
EndProject
Project("{9A19103F-16F7-4668-BE54-9A1E7A4F7556}") = "Test.ServiceFabric.Client.Membership", "Test.ServiceFabric.Client.Membership\Test.ServiceFabric.Client.Membership.csproj", "{C9CC9DCA-9837-4644-B469-7815FFF012ED}"
EndProject
Project("{9A19103F-16F7-4668-BE54-9A1E7A4F7556}") = "Company.Api.Rest.Impl", "Company.Api.Rest.Impl\Company.Api.Rest.Impl.csproj", "{3200128F-AB0A-4EA6-97FD-BE44F2442F7D}"
EndProject
Project("{9A19103F-16F7-4668-BE54-9A1E7A4F7556}") = "Test.InProc.RestApi", "Test.InProc.RestApi\Test.InProc.RestApi.csproj", "{6AF2EDD9-51A9-4D32-9E7B-A277AA17F8FB}"
EndProject
Project("{9A19103F-16F7-4668-BE54-9A1E7A4F7556}") = "Company.Api.Rest.Service", "Company.Api.Rest.Service\Company.Api.Rest.Service.csproj", "{851FE9BC-FEFC-493C-B62A-B524B363E5ED}"
EndProject
Project("{9A19103F-16F7-4668-BE54-9A1E7A4F7556}") = "Company.Utility.AspNetCore.Http", "Company.Utility.AspNetCore.Http\Company.Utility.AspNetCore.Http.csproj", "{EC9C343F-DF17-46B9-A4C8-E0BAE368F562}"
EndProject
Global
	GlobalSection(SolutionConfigurationPlatforms) = preSolution
		Debug|Any CPU = Debug|Any CPU
		Debug|x64 = Debug|x64
		Release|Any CPU = Release|Any CPU
		Release|x64 = Release|x64
	EndGlobalSection
	GlobalSection(ProjectConfigurationPlatforms) = postSolution
		{16D73C5B-8FF1-415F-BAAF-E887A47FE791}.Debug|Any CPU.ActiveCfg = Debug|x64
		{16D73C5B-8FF1-415F-BAAF-E887A47FE791}.Debug|Any CPU.Build.0 = Debug|x64
		{16D73C5B-8FF1-415F-BAAF-E887A47FE791}.Debug|x64.ActiveCfg = Debug|x64
		{16D73C5B-8FF1-415F-BAAF-E887A47FE791}.Debug|x64.Build.0 = Debug|x64
		{16D73C5B-8FF1-415F-BAAF-E887A47FE791}.Release|Any CPU.ActiveCfg = Release|x64
		{16D73C5B-8FF1-415F-BAAF-E887A47FE791}.Release|Any CPU.Build.0 = Release|x64
		{16D73C5B-8FF1-415F-BAAF-E887A47FE791}.Release|x64.ActiveCfg = Release|x64
		{16D73C5B-8FF1-415F-BAAF-E887A47FE791}.Release|x64.Build.0 = Release|x64
		{9F859ABB-291E-40F2-9DD3-910663E7D21E}.Debug|Any CPU.ActiveCfg = Debug|x64
		{9F859ABB-291E-40F2-9DD3-910663E7D21E}.Debug|Any CPU.Build.0 = Debug|x64
		{9F859ABB-291E-40F2-9DD3-910663E7D21E}.Debug|Any CPU.Deploy.0 = Debug|x64
		{9F859ABB-291E-40F2-9DD3-910663E7D21E}.Debug|x64.ActiveCfg = Debug|x64
		{9F859ABB-291E-40F2-9DD3-910663E7D21E}.Debug|x64.Build.0 = Debug|x64
		{9F859ABB-291E-40F2-9DD3-910663E7D21E}.Debug|x64.Deploy.0 = Debug|x64
		{9F859ABB-291E-40F2-9DD3-910663E7D21E}.Release|Any CPU.ActiveCfg = Release|x64
		{9F859ABB-291E-40F2-9DD3-910663E7D21E}.Release|Any CPU.Build.0 = Release|x64
		{9F859ABB-291E-40F2-9DD3-910663E7D21E}.Release|Any CPU.Deploy.0 = Release|x64
		{9F859ABB-291E-40F2-9DD3-910663E7D21E}.Release|x64.ActiveCfg = Release|x64
		{9F859ABB-291E-40F2-9DD3-910663E7D21E}.Release|x64.Build.0 = Release|x64
		{9F859ABB-291E-40F2-9DD3-910663E7D21E}.Release|x64.Deploy.0 = Release|x64
		{D332EF01-1BF7-4A41-B78C-5A5751774836}.Debug|Any CPU.ActiveCfg = Debug|x64
		{D332EF01-1BF7-4A41-B78C-5A5751774836}.Debug|Any CPU.Build.0 = Debug|x64
		{D332EF01-1BF7-4A41-B78C-5A5751774836}.Debug|x64.ActiveCfg = Debug|x64
		{D332EF01-1BF7-4A41-B78C-5A5751774836}.Debug|x64.Build.0 = Debug|x64
		{D332EF01-1BF7-4A41-B78C-5A5751774836}.Release|Any CPU.ActiveCfg = Release|x64
		{D332EF01-1BF7-4A41-B78C-5A5751774836}.Release|Any CPU.Build.0 = Release|x64
		{D332EF01-1BF7-4A41-B78C-5A5751774836}.Release|x64.ActiveCfg = Release|x64
		{D332EF01-1BF7-4A41-B78C-5A5751774836}.Release|x64.Build.0 = Release|x64
		{04159B80-B873-4D4F-8E27-B937F5300D34}.Debug|Any CPU.ActiveCfg = Debug|x64
		{04159B80-B873-4D4F-8E27-B937F5300D34}.Debug|Any CPU.Build.0 = Debug|x64
		{04159B80-B873-4D4F-8E27-B937F5300D34}.Debug|x64.ActiveCfg = Debug|x64
		{04159B80-B873-4D4F-8E27-B937F5300D34}.Debug|x64.Build.0 = Debug|x64
		{04159B80-B873-4D4F-8E27-B937F5300D34}.Release|Any CPU.ActiveCfg = Release|x64
		{04159B80-B873-4D4F-8E27-B937F5300D34}.Release|Any CPU.Build.0 = Release|x64
		{04159B80-B873-4D4F-8E27-B937F5300D34}.Release|x64.ActiveCfg = Release|x64
		{04159B80-B873-4D4F-8E27-B937F5300D34}.Release|x64.Build.0 = Release|x64
		{B39EACB4-7C6E-4A29-838B-CD39631A4B7B}.Debug|Any CPU.ActiveCfg = Debug|x64
		{B39EACB4-7C6E-4A29-838B-CD39631A4B7B}.Debug|Any CPU.Build.0 = Debug|x64
		{B39EACB4-7C6E-4A29-838B-CD39631A4B7B}.Debug|x64.ActiveCfg = Debug|x64
		{B39EACB4-7C6E-4A29-838B-CD39631A4B7B}.Debug|x64.Build.0 = Debug|x64
		{B39EACB4-7C6E-4A29-838B-CD39631A4B7B}.Release|Any CPU.ActiveCfg = Release|x64
		{B39EACB4-7C6E-4A29-838B-CD39631A4B7B}.Release|Any CPU.Build.0 = Release|x64
		{B39EACB4-7C6E-4A29-838B-CD39631A4B7B}.Release|x64.ActiveCfg = Release|x64
		{B39EACB4-7C6E-4A29-838B-CD39631A4B7B}.Release|x64.Build.0 = Release|x64
		{847C2B83-C54E-4DC8-B53F-1366AF132D5F}.Debug|Any CPU.ActiveCfg = Debug|x64
		{847C2B83-C54E-4DC8-B53F-1366AF132D5F}.Debug|Any CPU.Build.0 = Debug|x64
		{847C2B83-C54E-4DC8-B53F-1366AF132D5F}.Debug|x64.ActiveCfg = Debug|x64
		{847C2B83-C54E-4DC8-B53F-1366AF132D5F}.Debug|x64.Build.0 = Debug|x64
		{847C2B83-C54E-4DC8-B53F-1366AF132D5F}.Release|Any CPU.ActiveCfg = Release|x64
		{847C2B83-C54E-4DC8-B53F-1366AF132D5F}.Release|Any CPU.Build.0 = Release|x64
		{847C2B83-C54E-4DC8-B53F-1366AF132D5F}.Release|x64.ActiveCfg = Release|x64
		{847C2B83-C54E-4DC8-B53F-1366AF132D5F}.Release|x64.Build.0 = Release|x64
		{CF1AC118-EF2F-4839-A9EA-F9F2D25F7E8C}.Debug|Any CPU.ActiveCfg = Debug|x64
		{CF1AC118-EF2F-4839-A9EA-F9F2D25F7E8C}.Debug|Any CPU.Build.0 = Debug|x64
		{CF1AC118-EF2F-4839-A9EA-F9F2D25F7E8C}.Debug|x64.ActiveCfg = Debug|x64
		{CF1AC118-EF2F-4839-A9EA-F9F2D25F7E8C}.Debug|x64.Build.0 = Debug|x64
		{CF1AC118-EF2F-4839-A9EA-F9F2D25F7E8C}.Release|Any CPU.ActiveCfg = Release|x64
		{CF1AC118-EF2F-4839-A9EA-F9F2D25F7E8C}.Release|Any CPU.Build.0 = Release|x64
		{CF1AC118-EF2F-4839-A9EA-F9F2D25F7E8C}.Release|x64.ActiveCfg = Release|x64
		{CF1AC118-EF2F-4839-A9EA-F9F2D25F7E8C}.Release|x64.Build.0 = Release|x64
		{00C3CF7A-2722-4832-B4A9-B1358175F9BE}.Debug|Any CPU.ActiveCfg = Debug|x64
		{00C3CF7A-2722-4832-B4A9-B1358175F9BE}.Debug|Any CPU.Build.0 = Debug|x64
		{00C3CF7A-2722-4832-B4A9-B1358175F9BE}.Debug|x64.ActiveCfg = Debug|x64
		{00C3CF7A-2722-4832-B4A9-B1358175F9BE}.Debug|x64.Build.0 = Debug|x64
		{00C3CF7A-2722-4832-B4A9-B1358175F9BE}.Release|Any CPU.ActiveCfg = Release|x64
		{00C3CF7A-2722-4832-B4A9-B1358175F9BE}.Release|Any CPU.Build.0 = Release|x64
		{00C3CF7A-2722-4832-B4A9-B1358175F9BE}.Release|x64.ActiveCfg = Release|x64
		{00C3CF7A-2722-4832-B4A9-B1358175F9BE}.Release|x64.Build.0 = Release|x64
		{25C4AA6F-97CA-46C0-A3ED-F753EC1007E1}.Debug|Any CPU.ActiveCfg = Debug|x64
		{25C4AA6F-97CA-46C0-A3ED-F753EC1007E1}.Debug|Any CPU.Build.0 = Debug|x64
		{25C4AA6F-97CA-46C0-A3ED-F753EC1007E1}.Debug|x64.ActiveCfg = Debug|x64
		{25C4AA6F-97CA-46C0-A3ED-F753EC1007E1}.Debug|x64.Build.0 = Debug|x64
		{25C4AA6F-97CA-46C0-A3ED-F753EC1007E1}.Release|Any CPU.ActiveCfg = Release|x64
		{25C4AA6F-97CA-46C0-A3ED-F753EC1007E1}.Release|Any CPU.Build.0 = Release|x64
		{25C4AA6F-97CA-46C0-A3ED-F753EC1007E1}.Release|x64.ActiveCfg = Release|x64
		{25C4AA6F-97CA-46C0-A3ED-F753EC1007E1}.Release|x64.Build.0 = Release|x64
		{80E10D20-8D2D-45CD-86D0-42CC1366E3AD}.Debug|Any CPU.ActiveCfg = Debug|x64
		{80E10D20-8D2D-45CD-86D0-42CC1366E3AD}.Debug|Any CPU.Build.0 = Debug|x64
		{80E10D20-8D2D-45CD-86D0-42CC1366E3AD}.Debug|x64.ActiveCfg = Debug|x64
		{80E10D20-8D2D-45CD-86D0-42CC1366E3AD}.Debug|x64.Build.0 = Debug|x64
		{80E10D20-8D2D-45CD-86D0-42CC1366E3AD}.Release|Any CPU.ActiveCfg = Release|x64
		{80E10D20-8D2D-45CD-86D0-42CC1366E3AD}.Release|Any CPU.Build.0 = Release|x64
		{80E10D20-8D2D-45CD-86D0-42CC1366E3AD}.Release|x64.ActiveCfg = Release|x64
		{80E10D20-8D2D-45CD-86D0-42CC1366E3AD}.Release|x64.Build.0 = Release|x64
		{31B48914-196B-4654-8823-4FE345266262}.Debug|Any CPU.ActiveCfg = Debug|x64
		{31B48914-196B-4654-8823-4FE345266262}.Debug|Any CPU.Build.0 = Debug|x64
		{31B48914-196B-4654-8823-4FE345266262}.Debug|x64.ActiveCfg = Debug|x64
		{31B48914-196B-4654-8823-4FE345266262}.Debug|x64.Build.0 = Debug|x64
		{31B48914-196B-4654-8823-4FE345266262}.Release|Any CPU.ActiveCfg = Release|x64
		{31B48914-196B-4654-8823-4FE345266262}.Release|Any CPU.Build.0 = Release|x64
		{31B48914-196B-4654-8823-4FE345266262}.Release|x64.ActiveCfg = Release|x64
		{31B48914-196B-4654-8823-4FE345266262}.Release|x64.Build.0 = Release|x64
		{6DF74E4D-FCAF-4D19-9031-397301284351}.Debug|Any CPU.ActiveCfg = Debug|x64
		{6DF74E4D-FCAF-4D19-9031-397301284351}.Debug|Any CPU.Build.0 = Debug|x64
		{6DF74E4D-FCAF-4D19-9031-397301284351}.Debug|x64.ActiveCfg = Debug|x64
		{6DF74E4D-FCAF-4D19-9031-397301284351}.Debug|x64.Build.0 = Debug|x64
		{6DF74E4D-FCAF-4D19-9031-397301284351}.Release|Any CPU.ActiveCfg = Release|x64
		{6DF74E4D-FCAF-4D19-9031-397301284351}.Release|Any CPU.Build.0 = Release|x64
		{6DF74E4D-FCAF-4D19-9031-397301284351}.Release|x64.ActiveCfg = Release|x64
		{6DF74E4D-FCAF-4D19-9031-397301284351}.Release|x64.Build.0 = Release|x64
		{973C6A4E-0AB3-4F41-BF24-81C0CB2B9E3F}.Debug|Any CPU.ActiveCfg = Debug|x64
		{973C6A4E-0AB3-4F41-BF24-81C0CB2B9E3F}.Debug|Any CPU.Build.0 = Debug|x64
		{973C6A4E-0AB3-4F41-BF24-81C0CB2B9E3F}.Debug|x64.ActiveCfg = Debug|x64
		{973C6A4E-0AB3-4F41-BF24-81C0CB2B9E3F}.Debug|x64.Build.0 = Debug|x64
		{973C6A4E-0AB3-4F41-BF24-81C0CB2B9E3F}.Release|Any CPU.ActiveCfg = Release|x64
		{973C6A4E-0AB3-4F41-BF24-81C0CB2B9E3F}.Release|Any CPU.Build.0 = Release|x64
		{973C6A4E-0AB3-4F41-BF24-81C0CB2B9E3F}.Release|x64.ActiveCfg = Release|x64
		{973C6A4E-0AB3-4F41-BF24-81C0CB2B9E3F}.Release|x64.Build.0 = Release|x64
		{7F79BDD3-2B2C-42A0-AAC0-8702E35C7AAC}.Debug|Any CPU.ActiveCfg = Debug|x64
		{7F79BDD3-2B2C-42A0-AAC0-8702E35C7AAC}.Debug|Any CPU.Build.0 = Debug|x64
		{7F79BDD3-2B2C-42A0-AAC0-8702E35C7AAC}.Debug|x64.ActiveCfg = Debug|x64
		{7F79BDD3-2B2C-42A0-AAC0-8702E35C7AAC}.Debug|x64.Build.0 = Debug|x64
		{7F79BDD3-2B2C-42A0-AAC0-8702E35C7AAC}.Release|Any CPU.ActiveCfg = Release|x64
		{7F79BDD3-2B2C-42A0-AAC0-8702E35C7AAC}.Release|Any CPU.Build.0 = Release|x64
		{7F79BDD3-2B2C-42A0-AAC0-8702E35C7AAC}.Release|x64.ActiveCfg = Release|x64
		{7F79BDD3-2B2C-42A0-AAC0-8702E35C7AAC}.Release|x64.Build.0 = Release|x64
		{39153536-35FA-4299-BC67-C6046B7672EF}.Debug|Any CPU.ActiveCfg = Debug|x64
		{39153536-35FA-4299-BC67-C6046B7672EF}.Debug|Any CPU.Build.0 = Debug|x64
		{39153536-35FA-4299-BC67-C6046B7672EF}.Debug|x64.ActiveCfg = Debug|x64
		{39153536-35FA-4299-BC67-C6046B7672EF}.Debug|x64.Build.0 = Debug|x64
		{39153536-35FA-4299-BC67-C6046B7672EF}.Release|Any CPU.ActiveCfg = Release|x64
		{39153536-35FA-4299-BC67-C6046B7672EF}.Release|Any CPU.Build.0 = Release|x64
		{39153536-35FA-4299-BC67-C6046B7672EF}.Release|x64.ActiveCfg = Release|x64
		{39153536-35FA-4299-BC67-C6046B7672EF}.Release|x64.Build.0 = Release|x64
		{D4AA19B8-7546-4407-B88C-C05BE4C7F46A}.Debug|Any CPU.ActiveCfg = Debug|x64
		{D4AA19B8-7546-4407-B88C-C05BE4C7F46A}.Debug|Any CPU.Build.0 = Debug|x64
		{D4AA19B8-7546-4407-B88C-C05BE4C7F46A}.Debug|x64.ActiveCfg = Debug|x64
		{D4AA19B8-7546-4407-B88C-C05BE4C7F46A}.Debug|x64.Build.0 = Debug|x64
		{D4AA19B8-7546-4407-B88C-C05BE4C7F46A}.Release|Any CPU.ActiveCfg = Release|x64
		{D4AA19B8-7546-4407-B88C-C05BE4C7F46A}.Release|Any CPU.Build.0 = Release|x64
		{D4AA19B8-7546-4407-B88C-C05BE4C7F46A}.Release|x64.ActiveCfg = Release|x64
		{D4AA19B8-7546-4407-B88C-C05BE4C7F46A}.Release|x64.Build.0 = Release|x64
		{03DEBB55-0CA4-4A8A-8E58-0474D675E01D}.Debug|Any CPU.ActiveCfg = Debug|x64
		{03DEBB55-0CA4-4A8A-8E58-0474D675E01D}.Debug|Any CPU.Build.0 = Debug|x64
		{03DEBB55-0CA4-4A8A-8E58-0474D675E01D}.Debug|x64.ActiveCfg = Debug|x64
		{03DEBB55-0CA4-4A8A-8E58-0474D675E01D}.Debug|x64.Build.0 = Debug|x64
		{03DEBB55-0CA4-4A8A-8E58-0474D675E01D}.Release|Any CPU.ActiveCfg = Release|x64
		{03DEBB55-0CA4-4A8A-8E58-0474D675E01D}.Release|Any CPU.Build.0 = Release|x64
		{03DEBB55-0CA4-4A8A-8E58-0474D675E01D}.Release|x64.ActiveCfg = Release|x64
		{03DEBB55-0CA4-4A8A-8E58-0474D675E01D}.Release|x64.Build.0 = Release|x64
		{F90E859D-0D93-48A9-8659-8854B5246D3A}.Debug|Any CPU.ActiveCfg = Debug|x64
		{F90E859D-0D93-48A9-8659-8854B5246D3A}.Debug|Any CPU.Build.0 = Debug|x64
		{F90E859D-0D93-48A9-8659-8854B5246D3A}.Debug|x64.ActiveCfg = Debug|x64
		{F90E859D-0D93-48A9-8659-8854B5246D3A}.Debug|x64.Build.0 = Debug|x64
		{F90E859D-0D93-48A9-8659-8854B5246D3A}.Release|Any CPU.ActiveCfg = Release|x64
		{F90E859D-0D93-48A9-8659-8854B5246D3A}.Release|Any CPU.Build.0 = Release|x64
		{F90E859D-0D93-48A9-8659-8854B5246D3A}.Release|x64.ActiveCfg = Release|x64
		{F90E859D-0D93-48A9-8659-8854B5246D3A}.Release|x64.Build.0 = Release|x64
		{85019983-C6B9-4470-8683-062D5BDF3146}.Debug|Any CPU.ActiveCfg = Debug|x64
		{85019983-C6B9-4470-8683-062D5BDF3146}.Debug|Any CPU.Build.0 = Debug|x64
		{85019983-C6B9-4470-8683-062D5BDF3146}.Debug|x64.ActiveCfg = Debug|x64
		{85019983-C6B9-4470-8683-062D5BDF3146}.Debug|x64.Build.0 = Debug|x64
		{85019983-C6B9-4470-8683-062D5BDF3146}.Release|Any CPU.ActiveCfg = Release|x64
		{85019983-C6B9-4470-8683-062D5BDF3146}.Release|Any CPU.Build.0 = Release|x64
		{85019983-C6B9-4470-8683-062D5BDF3146}.Release|x64.ActiveCfg = Release|x64
		{85019983-C6B9-4470-8683-062D5BDF3146}.Release|x64.Build.0 = Release|x64
		{C9CC9DCA-9837-4644-B469-7815FFF012ED}.Debug|Any CPU.ActiveCfg = Debug|x64
		{C9CC9DCA-9837-4644-B469-7815FFF012ED}.Debug|Any CPU.Build.0 = Debug|x64
		{C9CC9DCA-9837-4644-B469-7815FFF012ED}.Debug|x64.ActiveCfg = Debug|x64
		{C9CC9DCA-9837-4644-B469-7815FFF012ED}.Debug|x64.Build.0 = Debug|x64
		{C9CC9DCA-9837-4644-B469-7815FFF012ED}.Release|Any CPU.ActiveCfg = Release|x64
		{C9CC9DCA-9837-4644-B469-7815FFF012ED}.Release|Any CPU.Build.0 = Release|x64
		{C9CC9DCA-9837-4644-B469-7815FFF012ED}.Release|x64.ActiveCfg = Release|x64
		{C9CC9DCA-9837-4644-B469-7815FFF012ED}.Release|x64.Build.0 = Release|x64
		{3200128F-AB0A-4EA6-97FD-BE44F2442F7D}.Debug|Any CPU.ActiveCfg = Debug|x64
		{3200128F-AB0A-4EA6-97FD-BE44F2442F7D}.Debug|Any CPU.Build.0 = Debug|x64
		{3200128F-AB0A-4EA6-97FD-BE44F2442F7D}.Debug|x64.ActiveCfg = Debug|x64
		{3200128F-AB0A-4EA6-97FD-BE44F2442F7D}.Debug|x64.Build.0 = Debug|x64
		{3200128F-AB0A-4EA6-97FD-BE44F2442F7D}.Release|Any CPU.ActiveCfg = Release|x64
		{3200128F-AB0A-4EA6-97FD-BE44F2442F7D}.Release|Any CPU.Build.0 = Release|x64
		{3200128F-AB0A-4EA6-97FD-BE44F2442F7D}.Release|x64.ActiveCfg = Release|x64
		{3200128F-AB0A-4EA6-97FD-BE44F2442F7D}.Release|x64.Build.0 = Release|x64
		{6AF2EDD9-51A9-4D32-9E7B-A277AA17F8FB}.Debug|Any CPU.ActiveCfg = Debug|x64
		{6AF2EDD9-51A9-4D32-9E7B-A277AA17F8FB}.Debug|Any CPU.Build.0 = Debug|x64
		{6AF2EDD9-51A9-4D32-9E7B-A277AA17F8FB}.Debug|x64.ActiveCfg = Debug|x64
		{6AF2EDD9-51A9-4D32-9E7B-A277AA17F8FB}.Debug|x64.Build.0 = Debug|x64
		{6AF2EDD9-51A9-4D32-9E7B-A277AA17F8FB}.Release|Any CPU.ActiveCfg = Release|x64
		{6AF2EDD9-51A9-4D32-9E7B-A277AA17F8FB}.Release|Any CPU.Build.0 = Release|x64
		{6AF2EDD9-51A9-4D32-9E7B-A277AA17F8FB}.Release|x64.ActiveCfg = Release|x64
		{6AF2EDD9-51A9-4D32-9E7B-A277AA17F8FB}.Release|x64.Build.0 = Release|x64
		{851FE9BC-FEFC-493C-B62A-B524B363E5ED}.Debug|Any CPU.ActiveCfg = Debug|x64
		{851FE9BC-FEFC-493C-B62A-B524B363E5ED}.Debug|Any CPU.Build.0 = Debug|x64
		{851FE9BC-FEFC-493C-B62A-B524B363E5ED}.Debug|x64.ActiveCfg = Debug|x64
		{851FE9BC-FEFC-493C-B62A-B524B363E5ED}.Debug|x64.Build.0 = Debug|x64
		{851FE9BC-FEFC-493C-B62A-B524B363E5ED}.Release|Any CPU.ActiveCfg = Release|x64
		{851FE9BC-FEFC-493C-B62A-B524B363E5ED}.Release|Any CPU.Build.0 = Release|x64
		{851FE9BC-FEFC-493C-B62A-B524B363E5ED}.Release|x64.ActiveCfg = Release|x64
		{851FE9BC-FEFC-493C-B62A-B524B363E5ED}.Release|x64.Build.0 = Release|x64
		{EC9C343F-DF17-46B9-A4C8-E0BAE368F562}.Debug|Any CPU.ActiveCfg = Debug|x64
		{EC9C343F-DF17-46B9-A4C8-E0BAE368F562}.Debug|Any CPU.Build.0 = Debug|x64
		{EC9C343F-DF17-46B9-A4C8-E0BAE368F562}.Debug|x64.ActiveCfg = Debug|x64
		{EC9C343F-DF17-46B9-A4C8-E0BAE368F562}.Debug|x64.Build.0 = Debug|x64
		{EC9C343F-DF17-46B9-A4C8-E0BAE368F562}.Release|Any CPU.ActiveCfg = Release|x64
		{EC9C343F-DF17-46B9-A4C8-E0BAE368F562}.Release|Any CPU.Build.0 = Release|x64
		{EC9C343F-DF17-46B9-A4C8-E0BAE368F562}.Release|x64.ActiveCfg = Release|x64
		{EC9C343F-DF17-46B9-A4C8-E0BAE368F562}.Release|x64.Build.0 = Release|x64
	EndGlobalSection
	GlobalSection(SolutionProperties) = preSolution
		HideSolutionNode = FALSE
	EndGlobalSection
	GlobalSection(NestedProjects) = preSolution
		{16D73C5B-8FF1-415F-BAAF-E887A47FE791} = {6D079ACC-6B49-4E6A-A831-1C2FCE4D1CE6}
		{C5B1314B-FDA9-44B9-A9E7-4DAE7EB17410} = {EA672C35-B05D-4E8B-AB3F-5275A9629041}
		{95AB7532-7371-49B7-A9FA-2B6E6556B6F7} = {EA672C35-B05D-4E8B-AB3F-5275A9629041}
		{2D660ED5-9FFD-4F0A-857C-10D7373A438C} = {EA672C35-B05D-4E8B-AB3F-5275A9629041}
		{9F859ABB-291E-40F2-9DD3-910663E7D21E} = {2D660ED5-9FFD-4F0A-857C-10D7373A438C}
		{1B8BDDBB-0272-4AE6-9968-C65DD7E464FA} = {C5B1314B-FDA9-44B9-A9E7-4DAE7EB17410}
		{6D079ACC-6B49-4E6A-A831-1C2FCE4D1CE6} = {1B8BDDBB-0272-4AE6-9968-C65DD7E464FA}
		{D332EF01-1BF7-4A41-B78C-5A5751774836} = {6D079ACC-6B49-4E6A-A831-1C2FCE4D1CE6}
		{04159B80-B873-4D4F-8E27-B937F5300D34} = {6D079ACC-6B49-4E6A-A831-1C2FCE4D1CE6}
		{B1E81BF5-BFC5-443B-8BAE-7379D32630E2} = {C5B1314B-FDA9-44B9-A9E7-4DAE7EB17410}
		{E29B9F7B-BE53-46F6-8E9D-E877F4677ED9} = {B1E81BF5-BFC5-443B-8BAE-7379D32630E2}
		{B39EACB4-7C6E-4A29-838B-CD39631A4B7B} = {95AB7532-7371-49B7-A9FA-2B6E6556B6F7}
		{041C51C8-80B7-491A-9BBF-F513D722B0B6} = {C5B1314B-FDA9-44B9-A9E7-4DAE7EB17410}
		{169793AC-E423-4693-90D3-A6ADACBA6DF4} = {C5B1314B-FDA9-44B9-A9E7-4DAE7EB17410}
		{847C2B83-C54E-4DC8-B53F-1366AF132D5F} = {95AB7532-7371-49B7-A9FA-2B6E6556B6F7}
		{CF1AC118-EF2F-4839-A9EA-F9F2D25F7E8C} = {E29B9F7B-BE53-46F6-8E9D-E877F4677ED9}
		{00C3CF7A-2722-4832-B4A9-B1358175F9BE} = {E29B9F7B-BE53-46F6-8E9D-E877F4677ED9}
		{25C4AA6F-97CA-46C0-A3ED-F753EC1007E1} = {E29B9F7B-BE53-46F6-8E9D-E877F4677ED9}
		{80E10D20-8D2D-45CD-86D0-42CC1366E3AD} = {95AB7532-7371-49B7-A9FA-2B6E6556B6F7}
		{5519B3D1-DB79-4810-819A-6D4C119DE566} = {041C51C8-80B7-491A-9BBF-F513D722B0B6}
		{9934D8F2-A56C-4347-8A5D-CE707A6FAF1C} = {C5B1314B-FDA9-44B9-A9E7-4DAE7EB17410}
		{31B48914-196B-4654-8823-4FE345266262} = {5519B3D1-DB79-4810-819A-6D4C119DE566}
		{6DF74E4D-FCAF-4D19-9031-397301284351} = {9934D8F2-A56C-4347-8A5D-CE707A6FAF1C}
		{973C6A4E-0AB3-4F41-BF24-81C0CB2B9E3F} = {169793AC-E423-4693-90D3-A6ADACBA6DF4}
		{7F79BDD3-2B2C-42A0-AAC0-8702E35C7AAC} = {169793AC-E423-4693-90D3-A6ADACBA6DF4}
		{39153536-35FA-4299-BC67-C6046B7672EF} = {169793AC-E423-4693-90D3-A6ADACBA6DF4}
		{D4AA19B8-7546-4407-B88C-C05BE4C7F46A} = {5519B3D1-DB79-4810-819A-6D4C119DE566}
		{03DEBB55-0CA4-4A8A-8E58-0474D675E01D} = {95AB7532-7371-49B7-A9FA-2B6E6556B6F7}
		{E53F39B0-3C79-4C04-B7C1-E3994E994EFA} = {EA672C35-B05D-4E8B-AB3F-5275A9629041}
		{F90E859D-0D93-48A9-8659-8854B5246D3A} = {E53F39B0-3C79-4C04-B7C1-E3994E994EFA}
		{85019983-C6B9-4470-8683-062D5BDF3146} = {E347F074-F94F-4F9E-BFE8-AD1214C3D28C}
		{C9CC9DCA-9837-4644-B469-7815FFF012ED} = {E347F074-F94F-4F9E-BFE8-AD1214C3D28C}
		{3200128F-AB0A-4EA6-97FD-BE44F2442F7D} = {5519B3D1-DB79-4810-819A-6D4C119DE566}
		{6AF2EDD9-51A9-4D32-9E7B-A277AA17F8FB} = {E347F074-F94F-4F9E-BFE8-AD1214C3D28C}
		{851FE9BC-FEFC-493C-B62A-B524B363E5ED} = {5519B3D1-DB79-4810-819A-6D4C119DE566}
		{EC9C343F-DF17-46B9-A4C8-E0BAE368F562} = {E53F39B0-3C79-4C04-B7C1-E3994E994EFA}
	EndGlobalSection
	GlobalSection(ExtensibilityGlobals) = postSolution
		SolutionGuid = {AC218BFE-9E81-4C30-9C3A-9968D023C724}
	EndGlobalSection
EndGlobal
